
Microsoft Visual Studio Solution File, Format Version 12.00
# Visual Studio Version 17
VisualStudioVersion = 17.14.36203.30 d17.14
MinimumVisualStudioVersion = 10.0.40219.1
Project("{FAE04EC0-301F-11D3-BF4B-00C04F79EFBC}") = "ondemand-cache-buster", "ondemand-cache-buster\ondemand-cache-buster.csproj", "{3924EA31-3EA3-4BBE-99BF-9E8CFE44C689}"
EndProject
Project("{FAE04EC0-301F-11D3-BF4B-00C04F79EFBC}") = "ServiceRegistry", "ServiceRegistry\ServiceRegistry.csproj", "{1FD709D3-F097-49FB-A0BD-A4800C8E15FF}"
EndProject
Global
	GlobalSection(SolutionConfigurationPlatforms) = preSolution
		Debug|Any CPU = Debug|Any CPU
		Release|Any CPU = Release|Any CPU
	EndGlobalSection
	GlobalSection(ProjectConfigurationPlatforms) = postSolution
		{3924EA31-3EA3-4BBE-99BF-9E8CFE44C689}.Debug|Any CPU.ActiveCfg = Debug|Any CPU
		{3924EA31-3EA3-4BBE-99BF-9E8CFE44C689}.Debug|Any CPU.Build.0 = Debug|Any CPU
		{3924EA31-3EA3-4BBE-99BF-9E8CFE44C689}.Release|Any CPU.ActiveCfg = Release|Any CPU
		{3924EA31-3EA3-4BBE-99BF-9E8CFE44C689}.Release|Any CPU.Build.0 = Release|Any CPU
		{1FD709D3-F097-49FB-A0BD-A4800C8E15FF}.Debug|Any CPU.ActiveCfg = Debug|Any CPU
		{1FD709D3-F097-49FB-A0BD-A4800C8E15FF}.Debug|Any CPU.Build.0 = Debug|Any CPU
		{1FD709D3-F097-49FB-A0BD-A4800C8E15FF}.Release|Any CPU.ActiveCfg = Release|Any CPU
		{1FD709D3-F097-49FB-A0BD-A4800C8E15FF}.Release|Any CPU.Build.0 = Release|Any CPU
	EndGlobalSection
	GlobalSection(SolutionProperties) = preSolution
		HideSolutionNode = FALSE
	EndGlobalSection
	GlobalSection(ExtensibilityGlobals) = postSolution
		SolutionGuid = {7952FFD5-F711-4AB5-8517-F932180FB39B}
	EndGlobalSection
EndGlobal
